
Microsoft Visual Studio Solution File, Format Version 12.00
# Visual Studio Version 17
VisualStudioVersion = 17.14.36518.9 d17.14
MinimumVisualStudioVersion = 10.0.40219.1
Project("{FAE04EC0-301F-11D3-BF4B-00C04F79EFBC}") = "exercicios", "exercicios\exercicios.csproj", "{AC0D1B62-8B6F-4A60-8498-963CD7AD84CF}"
EndProject
Global
	GlobalSection(SolutionConfigurationPlatforms) = preSolution
		Debug|Any CPU = Debug|Any CPU
		Release|Any CPU = Release|Any CPU
	EndGlobalSection
	GlobalSection(ProjectConfigurationPlatforms) = postSolution
		{AC0D1B62-8B6F-4A60-8498-963CD7AD84CF}.Debug|Any CPU.ActiveCfg = Debug|Any CPU
		{AC0D1B62-8B6F-4A60-8498-963CD7AD84CF}.Debug|Any CPU.Build.0 = Debug|Any CPU
		{AC0D1B62-8B6F-4A60-8498-963CD7AD84CF}.Release|Any CPU.ActiveCfg = Release|Any CPU
		{AC0D1B62-8B6F-4A60-8498-963CD7AD84CF}.Release|Any CPU.Build.0 = Release|Any CPU
	EndGlobalSection
	GlobalSection(SolutionProperties) = preSolution
		HideSolutionNode = FALSE
	EndGlobalSection
	GlobalSection(ExtensibilityGlobals) = postSolution
		SolutionGuid = {DA6E9B28-A8C2-4C47-A95F-00D6A267A6E4}
	EndGlobalSection
EndGlobal
